
Microsoft Visual Studio Solution File, Format Version 12.00
# Visual Studio 15
VisualStudioVersion = 15.0.27428.2015
MinimumVisualStudioVersion = 10.0.40219.1
Project("{FAE04EC0-301F-11D3-BF4B-00C04F79EFBC}") = "MijiGenerator", "MijiGenerator\MijiGenerator.csproj", "{83736D98-7A51-4AA4-B765-44616BB49D69}"
EndProject
Global
	GlobalSection(SolutionConfigurationPlatforms) = preSolution
		Debug|Any CPU = Debug|Any CPU
		Release|Any CPU = Release|Any CPU
	EndGlobalSection
	GlobalSection(ProjectConfigurationPlatforms) = postSolution
		{83736D98-7A51-4AA4-B765-44616BB49D69}.Debug|Any CPU.ActiveCfg = Debug|Any CPU
		{83736D98-7A51-4AA4-B765-44616BB49D69}.Debug|Any CPU.Build.0 = Debug|Any CPU
		{83736D98-7A51-4AA4-B765-44616BB49D69}.Release|Any CPU.ActiveCfg = Release|Any CPU
		{83736D98-7A51-4AA4-B765-44616BB49D69}.Release|Any CPU.Build.0 = Release|Any CPU
	EndGlobalSection
	GlobalSection(SolutionProperties) = preSolution
		HideSolutionNode = FALSE
	EndGlobalSection
	GlobalSection(ExtensibilityGlobals) = postSolution
		SolutionGuid = {FFEAD7A0-84AA-439F-9969-74ABE92853A1}
	EndGlobalSection
EndGlobal
